
Microsoft Visual Studio Solution File, Format Version 12.00
# Visual Studio Version 17
VisualStudioVersion = 17.11.35222.181
MinimumVisualStudioVersion = 10.0.40219.1
Project("{9A19103F-16F7-4668-BE54-9A1E7A4F7556}") = "RestWithController", "RestWithController\RestWithController.csproj", "{E8AA2C92-0CED-4DD4-8967-50D44C1C937D}"
EndProject
Project("{9A19103F-16F7-4668-BE54-9A1E7A4F7556}") = "ProductApi", "ProductApi\ProductApi.csproj", "{6A3565EF-BDAA-4F0E-81D4-22B37925B349}"
EndProject
Project("{FAE04EC0-301F-11D3-BF4B-00C04F79EFBC}") = "ProductApiTest", "ProductApiTest\ProductApiTest.csproj", "{ADE3E67C-A21F-404A-B540-C4361A159BE3}"
EndProject
Global
	GlobalSection(SolutionConfigurationPlatforms) = preSolution
		Debug|Any CPU = Debug|Any CPU
		Release|Any CPU = Release|Any CPU
	EndGlobalSection
	GlobalSection(ProjectConfigurationPlatforms) = postSolution
		{E8AA2C92-0CED-4DD4-8967-50D44C1C937D}.Debug|Any CPU.ActiveCfg = Debug|Any CPU
		{E8AA2C92-0CED-4DD4-8967-50D44C1C937D}.Debug|Any CPU.Build.0 = Debug|Any CPU
		{E8AA2C92-0CED-4DD4-8967-50D44C1C937D}.Release|Any CPU.ActiveCfg = Release|Any CPU
		{E8AA2C92-0CED-4DD4-8967-50D44C1C937D}.Release|Any CPU.Build.0 = Release|Any CPU
		{6A3565EF-BDAA-4F0E-81D4-22B37925B349}.Debug|Any CPU.ActiveCfg = Debug|Any CPU
		{6A3565EF-BDAA-4F0E-81D4-22B37925B349}.Debug|Any CPU.Build.0 = Debug|Any CPU
		{6A3565EF-BDAA-4F0E-81D4-22B37925B349}.Release|Any CPU.ActiveCfg = Release|Any CPU
		{6A3565EF-BDAA-4F0E-81D4-22B37925B349}.Release|Any CPU.Build.0 = Release|Any CPU
		{ADE3E67C-A21F-404A-B540-C4361A159BE3}.Debug|Any CPU.ActiveCfg = Debug|Any CPU
		{ADE3E67C-A21F-404A-B540-C4361A159BE3}.Debug|Any CPU.Build.0 = Debug|Any CPU
		{ADE3E67C-A21F-404A-B540-C4361A159BE3}.Release|Any CPU.ActiveCfg = Release|Any CPU
		{ADE3E67C-A21F-404A-B540-C4361A159BE3}.Release|Any CPU.Build.0 = Release|Any CPU
	EndGlobalSection
	GlobalSection(SolutionProperties) = preSolution
		HideSolutionNode = FALSE
	EndGlobalSection
	GlobalSection(ExtensibilityGlobals) = postSolution
		SolutionGuid = {4545D99E-0044-486F-9D3B-EC4386D32FE6}
	EndGlobalSection
EndGlobal
